lockfileVersion: '6.0'

settings:
  autoInstallPeers: true
  excludeLinksFromLockfile: false

dependencies:
  webp-converter-browser:
    specifier: ^1.0.4
    version: 1.0.4

packages:

  /@babel/runtime@7.22.11:
    resolution: {integrity: sha512-ee7jVNlWN09+KftVOu9n7S8gQzD/Z6hN/I8VBRXW4P1+Xe7kJGXMwu8vds4aGIMHZnNbdpSWCfZZtinytpcAvA==}
    engines: {node: '>=6.9.0'}
    dependencies:
      regenerator-runtime: 0.14.0
    dev: false

  /regenerator-runtime@0.14.0:
    resolution: {integrity: sha512-srw17NI0TUWHuGa5CFGGmhfNIeja30WMBfbslPNhf6JrqQlLN5gcrvig1oqPxiVaXb0oW0XRKtH6Nngs5lKCIA==}
    dev: false

  /webp-converter-browser@1.0.4:
    resolution: {integrity: sha512-ZkcrrM4TyxBI7mPmE4uG6PU2MF5YXhKTtvub/ll/4ZjXM7THcms0C0tA10CwnsrLzRBC+ry/sUzwpW6vdPzA8g==}
    dependencies:
      '@babel/runtime': 7.22.11
    dev: false
